
Microsoft Visual Studio Solution File, Format Version 12.00
# Visual Studio Version 17
VisualStudioVersion = 17.5.33414.496
MinimumVisualStudioVersion = 10.0.40219.1
Project("{FAE04EC0-301F-11D3-BF4B-00C04F79EFBC}") = "EVSELL.Business.SqlServer", "EVSELL.Business.SqlServer\EVSELL.Business.SqlServer.csproj", "{1A5DD94A-8ACA-4FD2-926E-63748C1F6ED9}"
EndProject
Global
	GlobalSection(SolutionConfigurationPlatforms) = preSolution
		Debug|Any CPU = Debug|Any CPU
		Release|Any CPU = Release|Any CPU
	EndGlobalSection
	GlobalSection(ProjectConfigurationPlatforms) = postSolution
		{1A5DD94A-8ACA-4FD2-926E-63748C1F6ED9}.Debug|Any CPU.ActiveCfg = Debug|Any CPU
		{1A5DD94A-8ACA-4FD2-926E-63748C1F6ED9}.Debug|Any CPU.Build.0 = Debug|Any CPU
		{1A5DD94A-8ACA-4FD2-926E-63748C1F6ED9}.Release|Any CPU.ActiveCfg = Release|Any CPU
		{1A5DD94A-8ACA-4FD2-926E-63748C1F6ED9}.Release|Any CPU.Build.0 = Release|Any CPU
	EndGlobalSection
	GlobalSection(SolutionProperties) = preSolution
		HideSolutionNode = FALSE
	EndGlobalSection
	GlobalSection(ExtensibilityGlobals) = postSolution
		SolutionGuid = {73400CC6-8173-4D68-9662-BAAB336342F3}
	EndGlobalSection
EndGlobal
